
Microsoft Visual Studio Solution File, Format Version 12.00
# Visual Studio Version 16
VisualStudioVersion = 16.0.30804.86
MinimumVisualStudioVersion = 10.0.40219.1
Project("{FAE04EC0-301F-11D3-BF4B-00C04F79EFBC}") = "MenuStrip_Kullanimi", "MenuStrip_Kullanimi\MenuStrip_Kullanimi.csproj", "{AEA1ED25-BE51-406A-9475-3FA18B571A63}"
EndProject
Global
	GlobalSection(SolutionConfigurationPlatforms) = preSolution
		Debug|Any CPU = Debug|Any CPU
		Release|Any CPU = Release|Any CPU
	EndGlobalSection
	GlobalSection(ProjectConfigurationPlatforms) = postSolution
		{AEA1ED25-BE51-406A-9475-3FA18B571A63}.Debug|Any CPU.ActiveCfg = Debug|Any CPU
		{AEA1ED25-BE51-406A-9475-3FA18B571A63}.Debug|Any CPU.Build.0 = Debug|Any CPU
		{AEA1ED25-BE51-406A-9475-3FA18B571A63}.Release|Any CPU.ActiveCfg = Release|Any CPU
		{AEA1ED25-BE51-406A-9475-3FA18B571A63}.Release|Any CPU.Build.0 = Release|Any CPU
	EndGlobalSection
	GlobalSection(SolutionProperties) = preSolution
		HideSolutionNode = FALSE
	EndGlobalSection
	GlobalSection(ExtensibilityGlobals) = postSolution
		SolutionGuid = {8C8CC714-8AA4-4833-B7E3-199A3BC92336}
	EndGlobalSection
EndGlobal
